// !$*UTF8*$!
{
	archiveVersion = 1;
	classes = {
	};
	objectVersion = 56;
	objects = {

/* Begin PBXBuildFile section */
		2321B4F52F6DB4DA00549152 /* MobileNetV2.mlmodel in Sources */ = {isa = PBXBuildFile; fileRef = 2321B4F42F6DB4DA00549152 /* MobileNetV2.mlmodel */; };
		2321B4F82F6ED33E00549152 /* ImageClassifierViewModel.swift in Sources */ = {isa = PBXBuildFile; fileRef = 2321B4F72F6ED33E00549152 /* ImageClassifierViewModel.swift */; };
		2321B4FA2F6F930100549152 /* CameraViewModel.swift in Sources */ = {isa = PBXBuildFile; fileRef = 2321B4F92F6F930100549152 /* CameraViewModel.swift */; };
		2321B4FD2F6FB30900549152 /* CameraView.swift in Sources */ = {isa = PBXBuildFile; fileRef = 2321B4FC2F6FB30900549152 /* CameraView.swift */; };
		2375A9E62F6D450700B45E6F /* Core_ML_tutorialApp.swift in Sources */ = {isa = PBXBuildFile; fileRef = 2375A9E52F6D450700B45E6F /* Core_ML_tutorialApp.swift */; };
		2375A9E82F6D450700B45E6F /* ContentView.swift in Sources */ = {isa = PBXBuildFile; fileRef = 2375A9E72F6D450700B45E6F /* ContentView.swift */; };
		2375A9EA2F6D450900B45E6F /* Assets.xcassets in Resources */ = {isa = PBXBuildFile; fileRef = 2375A9E92F6D450900B45E6F /* Assets.xcassets */; };
		2375A9ED2F6D450900B45E6F /* Preview Assets.xcassets in Resources */ = {isa = PBXBuildFile; fileRef = 2375A9EC2F6D450900B45E6F /* Preview Assets.xcassets */; };
		2375A9F72F6D450900B45E6F /* Core_ML_tutorialTests.swift in Sources */ = {isa = PBXBuildFile; fileRef = 2375A9F62F6D450900B45E6F /* Core_ML_tutorialTests.swift */; };
		2375AA012F6D450900B45E6F /* Core_ML_tutorialUITests.swift in Sources */ = {isa = PBXBuildFile; fileRef = 2375AA002F6D450900B45E6F /* Core_ML_tutorialUITests.swift */; };
		2375AA032F6D450900B45E6F /* Core_ML_tutorialUITestsLaunchTests.swift in Sources */ = {isa = PBXBuildFile; fileRef = 2375AA022F6D450900B45E6F /* Core_ML_tutorialUITestsLaunchTests.swift */; };
		2C4EE6072F739D0400D63DB2 /* Facenet6.mlmodel in Sources */ = {isa = PBXBuildFile; fileRef = 2C4EE6062F739D0400D63DB2 /* Facenet6.mlmodel */; };
/* End PBXBuildFile section */

/* Begin PBXContainerItemProxy section */
		2375A9F32F6D450900B45E6F /* PBXContainerItemProxy */ = {
			isa = PBXContainerItemProxy;
			containerPortal = 2375A9DA2F6D450700B45E6F /* Project object */;
			proxyType = 1;
			remoteGlobalIDString = 2375A9E12F6D450700B45E6F;
			remoteInfo = "Core ML tutorial";
		};
		2375A9FD2F6D450900B45E6F /* PBXContainerItemProxy */ = {
			isa = PBXContainerItemProxy;
			containerPortal = 2375A9DA2F6D450700B45E6F /* Project object */;
			proxyType = 1;
			remoteGlobalIDString = 2375A9E12F6D450700B45E6F;
			remoteInfo = "Core ML tutorial";
		};
/* End PBXContainerItemProxy section */

/* Begin PBXFileReference section */
		2321B4F42F6DB4DA00549152 /* MobileNetV2.mlmodel */ = {isa = PBXFileReference; lastKnownFileType = file.mlmodel; path = MobileNetV2.mlmodel; sourceTree = "<group>"; };
		2321B4F72F6ED33E00549152 /* ImageClassifierViewModel.swift */ = {isa = PBXFileReference; lastKnownFileType = sourcecode.swift; path = ImageClassifierViewModel.swift; sourceTree = "<group>"; };
		2321B4F92F6F930100549152 /* CameraViewModel.swift */ = {isa = PBXFileReference; lastKnownFileType = sourcecode.swift; path = CameraViewModel.swift; sourceTree = "<group>"; };
		2321B4FC2F6FB30900549152 /* CameraView.swift */ = {isa = PBXFileReference; lastKnownFileType = sourcecode.swift; path = CameraView.swift; sourceTree = "<group>"; };
		2375A9E22F6D450700B45E6F /* Core ML tutorial.app */ = {isa = PBXFileReference; explicitFileType = wrapper.application; includeInIndex = 0; path = "Core ML tutorial.app"; sourceTree = BUILT_PRODUCTS_DIR; };
		2375A9E52F6D450700B45E6F /* Core_ML_tutorialApp.swift */ = {isa = PBXFileReference; lastKnownFileType = sourcecode.swift; path = Core_ML_tutorialApp.swift; sourceTree = "<group>"; };
		2375A9E72F6D450700B45E6F /* ContentView.swift */ = {isa = PBXFileReference; lastKnownFileType = sourcecode.swift; path = ContentView.swift; sourceTree = "<group>"; };
		2375A9E92F6D450900B45E6F /* Assets.xcassets */ = {isa = PBXFileReference; lastKnownFileType = folder.assetcatalog; path = Assets.xcassets; sourceTree = "<group>"; };
		2375A9EC2F6D450900B45E6F /* Preview Assets.xcassets */ = {isa = PBXFileReference; lastKnownFileType = folder.assetcatalog; path = "Preview Assets.xcassets"; sourceTree = "<group>"; };
		2375A9F22F6D450900B45E6F /* Core ML tutorialTests.xctest */ = {isa = PBXFileReference; explicitFileType = wrapper.cfbundle; includeInIndex = 0; path = "Core ML tutorialTests.xctest"; sourceTree = BUILT_PRODUCTS_DIR; };
		2375A9F62F6D450900B45E6F /* Core_ML_tutorialTests.swift */ = {isa = PBXFileReference; lastKnownFileType = sourcecode.swift; path = Core_ML_tutorialTests.swift; sourceTree = "<group>"; };
		2375A9FC2F6D450900B45E6F /* Core ML tutorialUITests.xctest */ = {isa = PBXFileReference; explicitFileType = wrapper.cfbundle; includeInIndex = 0; path = "Core ML tutorialUITests.xctest"; sourceTree = BUILT_PRODUCTS_DIR; };
		2375AA002F6D450900B45E6F /* Core_ML_tutorialUITests.swift */ = {isa = PBXFileReference; lastKnownFileType = sourcecode.swift; path = Core_ML_tutorialUITests.swift; sourceTree = "<group>"; };
		2375AA022F6D450900B45E6F /* Core_ML_tutorialUITestsLaunchTests.swift */ = {isa = PBXFileReference; lastKnownFileType = sourcecode.swift; path = Core_ML_tutorialUITestsLaunchTests.swift; sourceTree = "<group>"; };
		2C4EE6062F739D0400D63DB2 /* Facenet6.mlmodel */ = {isa = PBXFileReference; lastKnownFileType = file.mlmodel; path = Facenet6.mlmodel; sourceTree = "<group>"; };
/* End PBXFileReference section */

/* Begin PBXFrameworksBuildPhase section */
		2375A9DF2F6D450700B45E6F /* Frameworks */ = {
			isa = PBXFrameworksBuildPhase;
			buildActionMask = 2147483647;
			files = (
			);
			runOnlyForDeploymentPostprocessing = 0;
		};
		2375A9EF2F6D450900B45E6F /* Frameworks */ = {
			isa = PBXFrameworksBuildPhase;
			buildActionMask = 2147483647;
			files = (
			);
			runOnlyForDeploymentPostprocessing = 0;
		};
		2375A9F92F6D450900B45E6F /* Frameworks */ = {
			isa = PBXFrameworksBuildPhase;
			buildActionMask = 2147483647;
			files = (
			);
			runOnlyForDeploymentPostprocessing = 0;
		};
/* End PBXFrameworksBuildPhase section */

/* Begin PBXGroup section */
		2321B4F62F6ED31B00549152 /* ViewModel */ = {
			isa = PBXGroup;
			children = (
				2321B4F72F6ED33E00549152 /* ImageClassifierViewModel.swift */,
				2321B4F92F6F930100549152 /* CameraViewModel.swift */,
			);
			path = ViewModel;
			sourceTree = "<group>";
		};
		2321B4FB2F6FB2DE00549152 /* View */ = {
			isa = PBXGroup;
			children = (
				2321B4FC2F6FB30900549152 /* CameraView.swift */,
				2375A9E72F6D450700B45E6F /* ContentView.swift */,
			);
			path = View;
			sourceTree = "<group>";
		};
		2375A9D92F6D450700B45E6F = {
			isa = PBXGroup;
			children = (
				2321B4F42F6DB4DA00549152 /* MobileNetV2.mlmodel */,
				2C4EE6062F739D0400D63DB2 /* Facenet6.mlmodel */,
				2321B4FB2F6FB2DE00549152 /* View */,
				2321B4F62F6ED31B00549152 /* ViewModel */,
				2375A9E42F6D450700B45E6F /* Core ML tutorial */,
				2375A9F52F6D450900B45E6F /* Core ML tutorialTests */,
				2375A9FF2F6D450900B45E6F /* Core ML tutorialUITests */,
				2375A9E32F6D450700B45E6F /* Products */,
			);
			sourceTree = "<group>";
		};
		2375A9E32F6D450700B45E6F /* Products */ = {
			isa = PBXGroup;
			children = (
				2375A9E22F6D450700B45E6F /* Core ML tutorial.app */,
				2375A9F22F6D450900B45E6F /* Core ML tutorialTests.xctest */,
				2375A9FC2F6D450900B45E6F /* Core ML tutorialUITests.xctest */,
			);
			name = Products;
			sourceTree = "<group>";
		};
		2375A9E42F6D450700B45E6F /* Core ML tutorial */ = {
			isa = PBXGroup;
			children = (
				2375A9E52F6D450700B45E6F /* Core_ML_tutorialApp.swift */,
				2375A9E92F6D450900B45E6F /* Assets.xcassets */,
				2375A9EB2F6D450900B45E6F /* Preview Content */,
			);
			path = "Core ML tutorial";
			sourceTree = "<group>";
		};
		2375A9EB2F6D450900B45E6F /* Preview Content */ = {
			isa = PBXGroup;
			children = (
				2375A9EC2F6D450900B45E6F /* Preview Assets.xcassets */,
			);
			path = "Preview Content";
			sourceTree = "<group>";
		};
		2375A9F52F6D450900B45E6F /* Core ML tutorialTests */ = {
			isa = PBXGroup;
			children = (
				2375A9F62F6D450900B45E6F /* Core_ML_tutorialTests.swift */,
			);
			path = "Core ML tutorialTests";
			sourceTree = "<group>";
		};
		2375A9FF2F6D450900B45E6F /* Core ML tutorialUITests */ = {
			isa = PBXGroup;
			children = (
				2375AA002F6D450900B45E6F /* Core_ML_tutorialUITests.swift */,
				2375AA022F6D450900B45E6F /* Core_ML_tutorialUITestsLaunchTests.swift */,
			);
			path = "Core ML tutorialUITests";
			sourceTree = "<group>";
		};
/* End PBXGroup section */

/* Begin PBXNativeTarget section */
		2375A9E12F6D450700B45E6F /* Core ML tutorial */ = {
			isa = PBXNativeTarget;
			buildConfigurationList = 2375AA062F6D450900B45E6F /* Build configuration list for PBXNativeTarget "Core ML tutorial" */;
			buildPhases = (
				2375A9DE2F6D450700B45E6F /* Sources */,
				2375A9DF2F6D450700B45E6F /* Frameworks */,
				2375A9E02F6D450700B45E6F /* Resources */,
			);
			buildRules = (
			);
			dependencies = (
			);
			name = "Core ML tutorial";
			productName = "Core ML tutorial";
			productReference = 2375A9E22F6D450700B45E6F /* Core ML tutorial.app */;
			productType = "com.apple.product-type.application";
		};
		2375A9F12F6D450900B45E6F /* Core ML tutorialTests */ = {
			isa = PBXNativeTarget;
			buildConfigurationList = 2375AA092F6D450900B45E6F /* Build configuration list for PBXNativeTarget "Core ML tutorialTests" */;
			buildPhases = (
				2375A9EE2F6D450900B45E6F /* Sources */,
				2375A9EF2F6D450900B45E6F /* Frameworks */,
				2375A9F02F6D450900B45E6F /* Resources */,
			);
			buildRules = (
			);
			dependencies = (
				2375A9F42F6D450900B45E6F /* PBXTargetDependency */,
			);
			name = "Core ML tutorialTests";
			productName = "Core ML tutorialTests";
			productReference = 2375A9F22F6D450900B45E6F /* Core ML tutorialTests.xctest */;
			productType = "com.apple.product-type.bundle.unit-test";
		};
		2375A9FB2F6D450900B45E6F /* Core ML tutorialUITests */ = {
			isa = PBXNativeTarget;
			buildConfigurationList = 2375AA0C2F6D450900B45E6F /* Build configuration list for PBXNativeTarget "Core ML tutorialUITests" */;
			buildPhases = (
				2375A9F82F6D450900B45E6F /* Sources */,
				2375A9F92F6D450900B45E6F /* Frameworks */,
				2375A9FA2F6D450900B45E6F /* Resources */,
			);
			buildRules = (
			);
			dependencies = (
				2375A9FE2F6D450900B45E6F /* PBXTargetDependency */,
			);
			name = "Core ML tutorialUITests";
			productName = "Core ML tutorialUITests";
			productReference = 2375A9FC2F6D450900B45E6F /* Core ML tutorialUITests.xctest */;
			productType = "com.apple.product-type.bundle.ui-testing";
		};
/* End PBXNativeTarget section */

/* Begin PBXProject section */
		2375A9DA2F6D450700B45E6F /* Project object */ = {
			isa = PBXProject;
			attributes = {
				BuildIndependentTargetsInParallel = 1;
				LastSwiftUpdateCheck = 1420;
				LastUpgradeCheck = 1420;
				TargetAttributes = {
					2375A9E12F6D450700B45E6F = {
						CreatedOnToolsVersion = 14.2;
					};
					2375A9F12F6D450900B45E6F = {
						CreatedOnToolsVersion = 14.2;
						TestTargetID = 2375A9E12F6D450700B45E6F;
					};
					2375A9FB2F6D450900B45E6F = {
						CreatedOnToolsVersion = 14.2;
						TestTargetID = 2375A9E12F6D450700B45E6F;
					};
				};
			};
			buildConfigurationList = 2375A9DD2F6D450700B45E6F /* Build configuration list for PBXProject "Core ML tutorial" */;
			compatibilityVersion = "Xcode 14.0";
			developmentRegion = en;
			hasScannedForEncodings = 0;
			knownRegions = (
				en,
				Base,
			);
			mainGroup = 2375A9D92F6D450700B45E6F;
			productRefGroup = 2375A9E32F6D450700B45E6F /* Products */;
			projectDirPath = "";
			projectRoot = "";
			targets = (
				2375A9E12F6D450700B45E6F /* Core ML tutorial */,
				2375A9F12F6D450900B45E6F /* Core ML tutorialTests */,
				2375A9FB2F6D450900B45E6F /* Core ML tutorialUITests */,
			);
		};
/* End PBXProject section */

/* Begin PBXResourcesBuildPhase section */
		2375A9E02F6D450700B45E6F /* Resources */ = {
			isa = PBXResourcesBuildPhase;
			buildActionMask = 2147483647;
			files = (
				2375A9ED2F6D450900B45E6F /* Preview Assets.xcassets in Resources */,
				2375A9EA2F6D450900B45E6F /* Assets.xcassets in Resources */,
			);
			runOnlyForDeploymentPostprocessing = 0;
		};
		2375A9F02F6D450900B45E6F /* Resources */ = {
			isa = PBXResourcesBuildPhase;
			buildActionMask = 2147483647;
			files = (
			);
			runOnlyForDeploymentPostprocessing = 0;
		};
		2375A9FA2F6D450900B45E6F /* Resources */ = {
			isa = PBXResourcesBuildPhase;
			buildActionMask = 2147483647;
			files = (
			);
			runOnlyForDeploymentPostprocessing = 0;
		};
/* End PBXResourcesBuildPhase section */

/* Begin PBXSourcesBuildPhase section */
		2375A9DE2F6D450700B45E6F /* Sources */ = {
			isa = PBXSourcesBuildPhase;
			buildActionMask = 2147483647;
			files = (
				2321B4F52F6DB4DA00549152 /* MobileNetV2.mlmodel in Sources */,
				2321B4F82F6ED33E00549152 /* ImageClassifierViewModel.swift in Sources */,
				2375A9E82F6D450700B45E6F /* ContentView.swift in Sources */,
				2321B4FD2F6FB30900549152 /* CameraView.swift in Sources */,
				2321B4FA2F6F930100549152 /* CameraViewModel.swift in Sources */,
				2C4EE6072F739D0400D63DB2 /* Facenet6.mlmodel in Sources */,
				2375A9E62F6D450700B45E6F /* Core_ML_tutorialApp.swift in Sources */,
			);
			runOnlyForDeploymentPostprocessing = 0;
		};
		2375A9EE2F6D450900B45E6F /* Sources */ = {
			isa = PBXSourcesBuildPhase;
			buildActionMask = 2147483647;
			files = (
				2375A9F72F6D450900B45E6F /* Core_ML_tutorialTests.swift in Sources */,
			);
			runOnlyForDeploymentPostprocessing = 0;
		};
		2375A9F82F6D450900B45E6F /* Sources */ = {
			isa = PBXSourcesBuildPhase;
			buildActionMask = 2147483647;
			files = (
				2375AA032F6D450900B45E6F /* Core_ML_tutorialUITestsLaunchTests.swift in Sources */,
				2375AA012F6D450900B45E6F /* Core_ML_tutorialUITests.swift in Sources */,
			);
			runOnlyForDeploymentPostprocessing = 0;
		};
/* End PBXSourcesBuildPhase section */

/* Begin PBXTargetDependency section */
		2375A9F42F6D450900B45E6F /* PBXTargetDependency */ = {
			isa = PBXTargetDependency;
			target = 2375A9E12F6D450700B45E6F /* Core ML tutorial */;
			targetProxy = 2375A9F32F6D450900B45E6F /* PBXContainerItemProxy */;
		};
		2375A9FE2F6D450900B45E6F /* PBXTargetDependency */ = {
			isa = PBXTargetDependency;
			target = 2375A9E12F6D450700B45E6F /* Core ML tutorial */;
			targetProxy = 2375A9FD2F6D450900B45E6F /* PBXContainerItemProxy */;
		};
/* End PBXTargetDependency section */

/* Begin XCBuildConfiguration section */
		2375AA042F6D450900B45E6F /* Debug */ = {
			isa = XCBuildConfiguration;
			buildSettings = {
				ALWAYS_SEARCH_USER_PATHS = NO;
				CLANG_ANALYZER_NONNULL = YES;
				CLANG_ANALYZER_NUMBER_OBJECT_CONVERSION = YES_AGGRESSIVE;
				CLANG_CXX_LANGUAGE_STANDARD = "gnu++20";
				CLANG_ENABLE_MODULES = YES;
				CLANG_ENABLE_OBJC_ARC = YES;
				CLANG_ENABLE_OBJC_WEAK = YES;
				CLANG_WARN_BLOCK_CAPTURE_AUTORELEASING = YES;
				CLANG_WARN_BOOL_CONVERSION = YES;
				CLANG_WARN_COMMA = YES;
				CLANG_WARN_CONSTANT_CONVERSION = YES;
				CLANG_WARN_DEPRECATED_OBJC_IMPLEMENTATIONS = YES;
				CLANG_WARN_DIRECT_OBJC_ISA_USAGE = YES_ERROR;
				CLANG_WARN_DOCUMENTATION_COMMENTS = YES;
				CLANG_WARN_EMPTY_BODY = YES;
				CLANG_WARN_ENUM_CONVERSION = YES;
				CLANG_WARN_INFINITE_RECURSION = YES;
				CLANG_WARN_INT_CONVERSION = YES;
				CLANG_WARN_NON_LITERAL_NULL_CONVERSION = YES;
				CLANG_WARN_OBJC_IMPLICIT_RETAIN_SELF = YES;
				CLANG_WARN_OBJC_LITERAL_CONVERSION = YES;
				CLANG_WARN_OBJC_ROOT_CLASS = YES_ERROR;
				CLANG_WARN_QUOTED_INCLUDE_IN_FRAMEWORK_HEADER = YES;
				CLANG_WARN_RANGE_LOOP_ANALYSIS = YES;
				CLANG_WARN_STRICT_PROTOTYPES = YES;
				CLANG_WARN_SUSPICIOUS_MOVE = YES;
				CLANG_WARN_UNGUARDED_AVAILABILITY = YES_AGGRESSIVE;
				CLANG_WARN_UNREACHABLE_CODE = YES;
				CLANG_WARN__DUPLICATE_METHOD_MATCH = YES;
				COPY_PHASE_STRIP = NO;
				DEBUG_INFORMATION_FORMAT = dwarf;
				ENABLE_STRICT_OBJC_MSGSEND = YES;
				ENABLE_TESTABILITY = YES;
				GCC_C_LANGUAGE_STANDARD = gnu11;
				GCC_DYNAMIC_NO_PIC = NO;
				GCC_NO_COMMON_BLOCKS = YES;
				GCC_OPTIMIZATION_LEVEL = 0;
				GCC_PREPROCESSOR_DEFINITIONS = (
					"DEBUG=1",
					"$(inherited)",
				);
				GCC_WARN_64_TO_32_BIT_CONVERSION = YES;
				GCC_WARN_ABOUT_RETURN_TYPE = YES_ERROR;
				GCC_WARN_UNDECLARED_SELECTOR = YES;
				GCC_WARN_UNINITIALIZED_AUTOS = YES_AGGRESSIVE;
				GCC_WARN_UNUSED_FUNCTION = YES;
				GCC_WARN_UNUSED_VARIABLE = YES;
				IPHONEOS_DEPLOYMENT_TARGET = 16.2;
				MTL_ENABLE_DEBUG_INFO = INCLUDE_SOURCE;
				MTL_FAST_MATH = YES;
				ONLY_ACTIVE_ARCH = YES;
				SDKROOT = iphoneos;
				SWIFT_ACTIVE_COMPILATION_CONDITIONS = DEBUG;
				SWIFT_OPTIMIZATION_LEVEL = "-Onone";
			};
			name = Debug;
		};
		2375AA052F6D450900B45E6F /* Release */ = {
			isa = XCBuildConfiguration;
			buildSettings = {
				ALWAYS_SEARCH_USER_PATHS = NO;
				CLANG_ANALYZER_NONNULL = YES;
				CLANG_ANALYZER_NUMBER_OBJECT_CONVERSION = YES_AGGRESSIVE;
				CLANG_CXX_LANGUAGE_STANDARD = "gnu++20";
				CLANG_ENABLE_MODULES = YES;
				CLANG_ENABLE_OBJC_ARC = YES;
				CLANG_ENABLE_OBJC_WEAK = YES;
				CLANG_WARN_BLOCK_CAPTURE_AUTORELEASING = YES;
				CLANG_WARN_BOOL_CONVERSION = YES;
				CLANG_WARN_COMMA = YES;
				CLANG_WARN_CONSTANT_CONVERSION = YES;
				CLANG_WARN_DEPRECATED_OBJC_IMPLEMENTATIONS = YES;
				CLANG_WARN_DIRECT_OBJC_ISA_USAGE = YES_ERROR;
				CLANG_WARN_DOCUMENTATION_COMMENTS = YES;
				CLANG_WARN_EMPTY_BODY = YES;
				CLANG_WARN_ENUM_CONVERSION = YES;
				CLANG_WARN_INFINITE_RECURSION = YES;
				CLANG_WARN_INT_CONVERSION = YES;
				CLANG_WARN_NON_LITERAL_NULL_CONVERSION = YES;
				CLANG_WARN_OBJC_IMPLICIT_RETAIN_SELF = YES;
				CLANG_WARN_OBJC_LITERAL_CONVERSION = YES;
				CLANG_WARN_OBJC_ROOT_CLASS = YES_ERROR;
				CLANG_WARN_QUOTED_INCLUDE_IN_FRAMEWORK_HEADER = YES;
				CLANG_WARN_RANGE_LOOP_ANALYSIS = YES;
				CLANG_WARN_STRICT_PROTOTYPES = YES;
				CLANG_WARN_SUSPICIOUS_MOVE = YES;
				CLANG_WARN_UNGUARDED_AVAILABILITY = YES_AGGRESSIVE;
				CLANG_WARN_UNREACHABLE_CODE = YES;
				CLANG_WARN__DUPLICATE_METHOD_MATCH = YES;
				COPY_PHASE_STRIP = NO;
				DEBUG_INFORMATION_FORMAT = "dwarf-with-dsym";
				ENABLE_NS_ASSERTIONS = NO;
				ENABLE_STRICT_OBJC_MSGSEND = YES;
				GCC_C_LANGUAGE_STANDARD = gnu11;
				GCC_NO_COMMON_BLOCKS = YES;
				GCC_WARN_64_TO_32_BIT_CONVERSION = YES;
				GCC_WARN_ABOUT_RETURN_TYPE = YES_ERROR;
				GCC_WARN_UNDECLARED_SELECTOR = YES;
				GCC_WARN_UNINITIALIZED_AUTOS = YES_AGGRESSIVE;
				GCC_WARN_UNUSED_FUNCTION = YES;
				GCC_WARN_UNUSED_VARIABLE = YES;
				IPHONEOS_DEPLOYMENT_TARGET = 16.2;
				MTL_ENABLE_DEBUG_INFO = NO;
				MTL_FAST_MATH = YES;
				SDKROOT = iphoneos;
				SWIFT_COMPILATION_MODE = wholemodule;
				SWIFT_OPTIMIZATION_LEVEL = "-O";
				VALIDATE_PRODUCT = YES;
			};
			name = Release;
		};
		2375AA072F6D450900B45E6F /* Debug */ = {
			isa = XCBuildConfiguration;
			buildSettings = {
				ASSETCATALOG_COMPILER_APPICON_NAME = AppIcon;
				ASSETCATALOG_COMPILER_GLOBAL_ACCENT_COLOR_NAME = AccentColor;
				CODE_SIGN_IDENTITY = "Apple Development";
				CODE_SIGN_STYLE = Automatic;
				CURRENT_PROJECT_VERSION = 1;
				DEVELOPMENT_ASSET_PATHS = "\"Core ML tutorial/Preview Content\"";
				DEVELOPMENT_TEAM = A2CQ49GHDC;
				ENABLE_PREVIEWS = YES;
				GENERATE_INFOPLIST_FILE = YES;
				INFOPLIST_KEY_NSCameraUsageDescription = "Camera is used for real-time object detection";
				INFOPLIST_KEY_UIApplicationSceneManifest_Generation = YES;
				INFOPLIST_KEY_UIApplicationSupportsIndirectInputEvents = YES;
				INFOPLIST_KEY_UILaunchScreen_Generation = YES;
				INFOPLIST_KEY_UISupportedInterfaceOrientations_iPad = "UIInterfaceOrientationPortrait UIInterfaceOrientationPortraitUpsideDown UIInterfaceOrientationLandscapeLeft UIInterfaceOrientationLandscapeRight";
				INFOPLIST_KEY_UISupportedInterfaceOrientations_iPhone = "UIInterfaceOrientationPortrait UIInterfaceOrientationLandscapeLeft UIInterfaceOrientationLandscapeRight";
				LD_RUNPATH_SEARCH_PATHS = (
					"$(inherited)",
					"@executable_path/Frameworks",
				);
				MARKETING_VERSION = 1.0;
				PRODUCT_BUNDLE_IDENTIFIER = "com.MyCompany.Core-ML-tutorial-Test-2";
				PRODUCT_NAME = "$(TARGET_NAME)";
				PROVISIONING_PROFILE_SPECIFIER = "";
				SWIFT_EMIT_LOC_STRINGS = YES;
				SWIFT_VERSION = 5.0;
				TARGETED_DEVICE_FAMILY = "1,2";
			};
			name = Debug;
		};
		2375AA082F6D450900B45E6F /* Release */ = {
			isa = XCBuildConfiguration;
			buildSettings = {
				ASSETCATALOG_COMPILER_APPICON_NAME = AppIcon;
				ASSETCATALOG_COMPILER_GLOBAL_ACCENT_COLOR_NAME = AccentColor;
				CODE_SIGN_IDENTITY = "Apple Development";
				CODE_SIGN_STYLE = Automatic;
				CURRENT_PROJECT_VERSION = 1;
				DEVELOPMENT_ASSET_PATHS = "\"Core ML tutorial/Preview Content\"";
				DEVELOPMENT_TEAM = A2CQ49GHDC;
				ENABLE_PREVIEWS = YES;
				GENERATE_INFOPLIST_FILE = YES;
				INFOPLIST_KEY_NSCameraUsageDescription = "Camera is used for real-time object detection";
				INFOPLIST_KEY_UIApplicationSceneManifest_Generation = YES;
				INFOPLIST_KEY_UIApplicationSupportsIndirectInputEvents = YES;
				INFOPLIST_KEY_UILaunchScreen_Generation = YES;
				INFOPLIST_KEY_UISupportedInterfaceOrientations_iPad = "UIInterfaceOrientationPortrait UIInterfaceOrientationPortraitUpsideDown UIInterfaceOrientationLandscapeLeft UIInterfaceOrientationLandscapeRight";
				INFOPLIST_KEY_UISupportedInterfaceOrientations_iPhone = "UIInterfaceOrientationPortrait UIInterfaceOrientationLandscapeLeft UIInterfaceOrientationLandscapeRight";
				LD_RUNPATH_SEARCH_PATHS = (
					"$(inherited)",
					"@executable_path/Frameworks",
				);
				MARKETING_VERSION = 1.0;
				PRODUCT_BUNDLE_IDENTIFIER = "com.MyCompany.Core-ML-tutorial-Test-2";
				PRODUCT_NAME = "$(TARGET_NAME)";
				PROVISIONING_PROFILE_SPECIFIER = "";
				SWIFT_EMIT_LOC_STRINGS = YES;
				SWIFT_VERSION = 5.0;
				TARGETED_DEVICE_FAMILY = "1,2";
			};
			name = Release;
		};
		2375AA0A2F6D450900B45E6F /* Debug */ = {
			isa = XCBuildConfiguration;
			buildSettings = {
				ALWAYS_EMBED_SWIFT_STANDARD_LIBRARIES = YES;
				BUNDLE_LOADER = "$(TEST_HOST)";
				CODE_SIGN_STYLE = Automatic;
				CURRENT_PROJECT_VERSION = 1;
				DEVELOPMENT_TEAM = 4R4U2Q5DZ4;
				GENERATE_INFOPLIST_FILE = YES;
				IPHONEOS_DEPLOYMENT_TARGET = 16.2;
				MARKETING_VERSION = 1.0;
				PRODUCT_BUNDLE_IDENTIFIER = "com.MyCompany.Core-ML-tutorialTests";
				PRODUCT_NAME = "$(TARGET_NAME)";
				SWIFT_EMIT_LOC_STRINGS = NO;
				SWIFT_VERSION = 5.0;
				TARGETED_DEVICE_FAMILY = "1,2";
				TEST_HOST = "$(BUILT_PRODUCTS_DIR)/Core ML tutorial.app/$(BUNDLE_EXECUTABLE_FOLDER_PATH)/Core ML tutorial";
			};
			name = Debug;
		};
		2375AA0B2F6D450900B45E6F /* Release */ = {
			isa = XCBuildConfiguration;
			buildSettings = {
				ALWAYS_EMBED_SWIFT_STANDARD_LIBRARIES = YES;
				BUNDLE_LOADER = "$(TEST_HOST)";
				CODE_SIGN_STYLE = Automatic;
				CURRENT_PROJECT_VERSION = 1;
				DEVELOPMENT_TEAM = 4R4U2Q5DZ4;
				GENERATE_INFOPLIST_FILE = YES;
				IPHONEOS_DEPLOYMENT_TARGET = 16.2;
				MARKETING_VERSION = 1.0;
				PRODUCT_BUNDLE_IDENTIFIER = "com.MyCompany.Core-ML-tutorialTests";
				PRODUCT_NAME = "$(TARGET_NAME)";
				SWIFT_EMIT_LOC_STRINGS = NO;
				SWIFT_VERSION = 5.0;
				TARGETED_DEVICE_FAMILY = "1,2";
				TEST_HOST = "$(BUILT_PRODUCTS_DIR)/Core ML tutorial.app/$(BUNDLE_EXECUTABLE_FOLDER_PATH)/Core ML tutorial";
			};
			name = Release;
		};
		2375AA0D2F6D450900B45E6F /* Debug */ = {
			isa = XCBuildConfiguration;
			buildSettings = {
				ALWAYS_EMBED_SWIFT_STANDARD_LIBRARIES = YES;
				CODE_SIGN_STYLE = Automatic;
				CURRENT_PROJECT_VERSION = 1;
				DEVELOPMENT_TEAM = 4R4U2Q5DZ4;
				GENERATE_INFOPLIST_FILE = YES;
				MARKETING_VERSION = 1.0;
				PRODUCT_BUNDLE_IDENTIFIER = "com.MyCompany.Core-ML-tutorialUITests";
				PRODUCT_NAME = "$(TARGET_NAME)";
				SWIFT_EMIT_LOC_STRINGS = NO;
				SWIFT_VERSION = 5.0;
				TARGETED_DEVICE_FAMILY = "1,2";
				TEST_TARGET_NAME = "Core ML tutorial";
			};
			name = Debug;
		};
		2375AA0E2F6D450900B45E6F /* Release */ = {
			isa = XCBuildConfiguration;
			buildSettings = {
				ALWAYS_EMBED_SWIFT_STANDARD_LIBRARIES = YES;
				CODE_SIGN_STYLE = Automatic;
				CURRENT_PROJECT_VERSION = 1;
				DEVELOPMENT_TEAM = 4R4U2Q5DZ4;
				GENERATE_INFOPLIST_FILE = YES;
				MARKETING_VERSION = 1.0;
				PRODUCT_BUNDLE_IDENTIFIER = "com.MyCompany.Core-ML-tutorialUITests";
				PRODUCT_NAME = "$(TARGET_NAME)";
				SWIFT_EMIT_LOC_STRINGS = NO;
				SWIFT_VERSION = 5.0;
				TARGETED_DEVICE_FAMILY = "1,2";
				TEST_TARGET_NAME = "Core ML tutorial";
			};
			name = Release;
		};
/* End XCBuildConfiguration section */

/* Begin XCConfigurationList section */
		2375A9DD2F6D450700B45E6F /* Build configuration list for PBXProject "Core ML tutorial" */ = {
			isa = XCConfigurationList;
			buildConfigurations = (
				2375AA042F6D450900B45E6F /* Debug */,
				2375AA052F6D450900B45E6F /* Release */,
			);
			defaultConfigurationIsVisible = 0;
			defaultConfigurationName = Release;
		};
		2375AA062F6D450900B45E6F /* Build configuration list for PBXNativeTarget "Core ML tutorial" */ = {
			isa = XCConfigurationList;
			buildConfigurations = (
				2375AA072F6D450900B45E6F /* Debug */,
				2375AA082F6D450900B45E6F /* Release */,
			);
			defaultConfigurationIsVisible = 0;
			defaultConfigurationName = Release;
		};
		2375AA092F6D450900B45E6F /* Build configuration list for PBXNativeTarget "Core ML tutorialTests" */ = {
			isa = XCConfigurationList;
			buildConfigurations = (
				2375AA0A2F6D450900B45E6F /* Debug */,
				2375AA0B2F6D450900B45E6F /* Release */,
			);
			defaultConfigurationIsVisible = 0;
			defaultConfigurationName = Release;
		};
		2375AA0C2F6D450900B45E6F /* Build configuration list for PBXNativeTarget "Core ML tutorialUITests" */ = {
			isa = XCConfigurationList;
			buildConfigurations = (
				2375AA0D2F6D450900B45E6F /* Debug */,
				2375AA0E2F6D450900B45E6F /* Release */,
			);
			defaultConfigurationIsVisible = 0;
			defaultConfigurationName = Release;
		};
/* End XCConfigurationList section */
	};
	rootObject = 2375A9DA2F6D450700B45E6F /* Project object */;
}
